// !$*UTF8*$!
{
	archiveVersion = 1;
	classes = {
	};
	objectVersion = 50;
	objects = {

/* Begin PBXBuildFile section */
		471BC25124129F1E00111007 /* KeyChainHandler.h in Headers */ = {isa = PBXBuildFile; fileRef = 471BC24F24129F1E00111007 /* KeyChainHandler.h */; settings = {ATTRIBUTES = (Public, ); }; };
		471BC25224129F1E00111007 /* KeyChainHandler.m in Sources */ = {isa = PBXBuildFile; fileRef = 471BC25024129F1E00111007 /* KeyChainHandler.m */; };
		471BC25424129F2F00111007 /* UUID+Device.swift in Sources */ = {isa = PBXBuildFile; fileRef = 471BC25324129F2F00111007 /* UUID+Device.swift */; };
		471BC2572412A11D00111007 /* UUID+Device.swift in Headers */ = {isa = PBXBuildFile; fileRef = 471BC25324129F2F00111007 /* UUID+Device.swift */; settings = {ATTRIBUTES = (Public, ); }; };
		4726E9282499B1F000DC4A1B /* UIViewController+Extension.swift in Sources */ = {isa = PBXBuildFile; fileRef = 4726E9272499B1F000DC4A1B /* UIViewController+Extension.swift */; };
		4734B181232219CF0093C097 /* Data+Extension.swift in Sources */ = {isa = PBXBuildFile; fileRef = 4734B180232219CF0093C097 /* Data+Extension.swift */; };
		4734B18223221A340093C097 /* Data+Extension.swift in Headers */ = {isa = PBXBuildFile; fileRef = 4734B180232219CF0093C097 /* Data+Extension.swift */; settings = {ATTRIBUTES = (Public, ); }; };
		4745C7C825872E2900530778 /* WebViewController.swift in Sources */ = {isa = PBXBuildFile; fileRef = 4745C7C625872E2900530778 /* WebViewController.swift */; };
		4745C7C925872E2900530778 /* WebViewController.xib in Resources */ = {isa = PBXBuildFile; fileRef = 4745C7C725872E2900530778 /* WebViewController.xib */; };
		4752F21F258DD46400795D44 /* CGPoint+Extension.swift in Sources */ = {isa = PBXBuildFile; fileRef = 4752F21E258DD46400795D44 /* CGPoint+Extension.swift */; };
		47A31DCA24ADC23200AB6C42 /* UIColor+Extension.swift in Sources */ = {isa = PBXBuildFile; fileRef = 47A31DC924ADC23200AB6C42 /* UIColor+Extension.swift */; };
		47A31DCC24ADC63100AB6C42 /* UIStoryboard+Extension.swift in Sources */ = {isa = PBXBuildFile; fileRef = 47A31DCB24ADC63100AB6C42 /* UIStoryboard+Extension.swift */; };
		47C39BA72599D11500417E8A /* CGFloat+Extension.swift in Sources */ = {isa = PBXBuildFile; fileRef = 47C39BA62599D11500417E8A /* CGFloat+Extension.swift */; };
		47CE65C4230E2FD500DBAD77 /* Extension.h in Headers */ = {isa = PBXBuildFile; fileRef = 47CE65C2230E2FD500DBAD77 /* Extension.h */; settings = {ATTRIBUTES = (Public, ); }; };
		47CE65DE230E2FFE00DBAD77 /* NSObject+Extension.swift in Sources */ = {isa = PBXBuildFile; fileRef = 47CE65CA230E2FFE00DBAD77 /* NSObject+Extension.swift */; };
		47CE65E0230E2FFE00DBAD77 /* Int+Extension.swift in Sources */ = {isa = PBXBuildFile; fileRef = 47CE65CC230E2FFE00DBAD77 /* Int+Extension.swift */; };
		47CE65E1230E2FFE00DBAD77 /* Dictionary+Extension.swift in Sources */ = {isa = PBXBuildFile; fileRef = 47CE65CD230E2FFE00DBAD77 /* Dictionary+Extension.swift */; };
		47CE65E2230E2FFE00DBAD77 /* UINavigationBar+Extension.swift in Sources */ = {isa = PBXBuildFile; fileRef = 47CE65CE230E2FFE00DBAD77 /* UINavigationBar+Extension.swift */; };
		47CE65E3230E2FFE00DBAD77 /* UIImage+Extension.swift in Sources */ = {isa = PBXBuildFile; fileRef = 47CE65CF230E2FFE00DBAD77 /* UIImage+Extension.swift */; };
		47CE65E6230E2FFE00DBAD77 /* UIButton+Extension.swift in Sources */ = {isa = PBXBuildFile; fileRef = 47CE65D2230E2FFE00DBAD77 /* UIButton+Extension.swift */; };
		47CE65E7230E2FFE00DBAD77 /* URL+Extension.swift in Sources */ = {isa = PBXBuildFile; fileRef = 47CE65D3230E2FFE00DBAD77 /* URL+Extension.swift */; };
		47CE65E8230E2FFE00DBAD77 /* Date+Extension.swift in Sources */ = {isa = PBXBuildFile; fileRef = 47CE65D4230E2FFE00DBAD77 /* Date+Extension.swift */; };
		47CE65EA230E2FFE00DBAD77 /* Array+Extension.swift in Sources */ = {isa = PBXBuildFile; fileRef = 47CE65D6230E2FFE00DBAD77 /* Array+Extension.swift */; };
		47CE65EB230E2FFE00DBAD77 /* String+Extension.swift in Sources */ = {isa = PBXBuildFile; fileRef = 47CE65D7230E2FFE00DBAD77 /* String+Extension.swift */; };
		47CE65EC230E2FFE00DBAD77 /* UIStackView+Extension.swift in Sources */ = {isa = PBXBuildFile; fileRef = 47CE65D8230E2FFE00DBAD77 /* UIStackView+Extension.swift */; };
		47CE65ED230E2FFE00DBAD77 /* UIView+Extension.swift in Sources */ = {isa = PBXBuildFile; fileRef = 47CE65D9230E2FFE00DBAD77 /* UIView+Extension.swift */; };
		47CE65EE230E2FFE00DBAD77 /* NSAttributedString+Extension.swift in Sources */ = {isa = PBXBuildFile; fileRef = 47CE65DA230E2FFE00DBAD77 /* NSAttributedString+Extension.swift */; };
		47CE65EF230E2FFE00DBAD77 /* UIPageViewController+Extension.swift in Sources */ = {isa = PBXBuildFile; fileRef = 47CE65DB230E2FFE00DBAD77 /* UIPageViewController+Extension.swift */; };
		47CE65F0230E2FFE00DBAD77 /* Dispatch+Extension.swift in Sources */ = {isa = PBXBuildFile; fileRef = 47CE65DC230E2FFE00DBAD77 /* Dispatch+Extension.swift */; };
		47CE65F1230E2FFE00DBAD77 /* UITextField+Extension.swift in Sources */ = {isa = PBXBuildFile; fileRef = 47CE65DD230E2FFE00DBAD77 /* UITextField+Extension.swift */; };
		47CE65F3230E333C00DBAD77 /* Helper.swift in Sources */ = {isa = PBXBuildFile; fileRef = 47CE65F2230E333C00DBAD77 /* Helper.swift */; };
		47CE65F9230E342500DBAD77 /* Array+Extension.swift in Headers */ = {isa = PBXBuildFile; fileRef = 47CE65D6230E2FFE00DBAD77 /* Array+Extension.swift */; settings = {ATTRIBUTES = (Public, ); }; };
		47CE65FA230E342500DBAD77 /* Date+Extension.swift in Headers */ = {isa = PBXBuildFile; fileRef = 47CE65D4230E2FFE00DBAD77 /* Date+Extension.swift */; settings = {ATTRIBUTES = (Public, ); }; };
		47CE65FB230E342500DBAD77 /* Dictionary+Extension.swift in Headers */ = {isa = PBXBuildFile; fileRef = 47CE65CD230E2FFE00DBAD77 /* Dictionary+Extension.swift */; settings = {ATTRIBUTES = (Public, ); }; };
		47CE65FC230E342500DBAD77 /* Dispatch+Extension.swift in Headers */ = {isa = PBXBuildFile; fileRef = 47CE65DC230E2FFE00DBAD77 /* Dispatch+Extension.swift */; settings = {ATTRIBUTES = (Public, ); }; };
		47CE65FD230E342500DBAD77 /* Int+Extension.swift in Headers */ = {isa = PBXBuildFile; fileRef = 47CE65CC230E2FFE00DBAD77 /* Int+Extension.swift */; settings = {ATTRIBUTES = (Public, ); }; };
		47CE65FE230E342500DBAD77 /* NSAttributedString+Extension.swift in Headers */ = {isa = PBXBuildFile; fileRef = 47CE65DA230E2FFE00DBAD77 /* NSAttributedString+Extension.swift */; settings = {ATTRIBUTES = (Public, ); }; };
		47CE65FF230E342500DBAD77 /* NSObject+Extension.swift in Headers */ = {isa = PBXBuildFile; fileRef = 47CE65CA230E2FFE00DBAD77 /* NSObject+Extension.swift */; settings = {ATTRIBUTES = (Public, ); }; };
		47CE6600230E342500DBAD77 /* String+Extension.swift in Headers */ = {isa = PBXBuildFile; fileRef = 47CE65D7230E2FFE00DBAD77 /* String+Extension.swift */; settings = {ATTRIBUTES = (Public, ); }; };
		47CE6601230E342500DBAD77 /* URL+Extension.swift in Headers */ = {isa = PBXBuildFile; fileRef = 47CE65D3230E2FFE00DBAD77 /* URL+Extension.swift */; settings = {ATTRIBUTES = (Public, ); }; };
		47CE6602230E342B00DBAD77 /* UIButton+Extension.swift in Headers */ = {isa = PBXBuildFile; fileRef = 47CE65D2230E2FFE00DBAD77 /* UIButton+Extension.swift */; settings = {ATTRIBUTES = (Public, ); }; };
		47CE6603230E342B00DBAD77 /* UIImage+Extension.swift in Headers */ = {isa = PBXBuildFile; fileRef = 47CE65CF230E2FFE00DBAD77 /* UIImage+Extension.swift */; settings = {ATTRIBUTES = (Public, ); }; };
		47CE6604230E342B00DBAD77 /* UINavigationBar+Extension.swift in Headers */ = {isa = PBXBuildFile; fileRef = 47CE65CE230E2FFE00DBAD77 /* UINavigationBar+Extension.swift */; settings = {ATTRIBUTES = (Public, ); }; };
		47CE6605230E342B00DBAD77 /* UIPageViewController+Extension.swift in Headers */ = {isa = PBXBuildFile; fileRef = 47CE65DB230E2FFE00DBAD77 /* UIPageViewController+Extension.swift */; settings = {ATTRIBUTES = (Public, ); }; };
		47CE6606230E342B00DBAD77 /* UIStackView+Extension.swift in Headers */ = {isa = PBXBuildFile; fileRef = 47CE65D8230E2FFE00DBAD77 /* UIStackView+Extension.swift */; settings = {ATTRIBUTES = (Public, ); }; };
		47CE6608230E342B00DBAD77 /* UITextField+Extension.swift in Headers */ = {isa = PBXBuildFile; fileRef = 47CE65DD230E2FFE00DBAD77 /* UITextField+Extension.swift */; settings = {ATTRIBUTES = (Public, ); }; };
		47CE6609230E342B00DBAD77 /* UIView+Extension.swift in Headers */ = {isa = PBXBuildFile; fileRef = 47CE65D9230E2FFE00DBAD77 /* UIView+Extension.swift */; settings = {ATTRIBUTES = (Public, ); }; };
		47CE660A230E343300DBAD77 /* Helper.swift in Headers */ = {isa = PBXBuildFile; fileRef = 47CE65F2230E333C00DBAD77 /* Helper.swift */; };
		47DA9E772413ED7000C6FEC5 /* UITableView+Extension.swift in Headers */ = {isa = PBXBuildFile; fileRef = 47F503EA2413D8E5000EA629 /* UITableView+Extension.swift */; settings = {ATTRIBUTES = (Public, ); }; };
		47F503EB2413D8E5000EA629 /* UITableView+Extension.swift in Sources */ = {isa = PBXBuildFile; fileRef = 47F503EA2413D8E5000EA629 /* UITableView+Extension.swift */; };
/* End PBXBuildFile section */

/* Begin PBXFileReference section */
		471BC24F24129F1E00111007 /* KeyChainHandler.h */ = {isa = PBXFileReference; fileEncoding = 4; lastKnownFileType = sourcecode.c.h; path = KeyChainHandler.h; sourceTree = "<group>"; };
		471BC25024129F1E00111007 /* KeyChainHandler.m */ = {isa = PBXFileReference; fileEncoding = 4; lastKnownFileType = sourcecode.c.objc; path = KeyChainHandler.m; sourceTree = "<group>"; };
		471BC25324129F2F00111007 /* UUID+Device.swift */ = {isa = PBXFileReference; fileEncoding = 4; lastKnownFileType = sourcecode.swift; path = "UUID+Device.swift"; sourceTree = "<group>"; };
		4726E9272499B1F000DC4A1B /* UIViewController+Extension.swift */ = {isa = PBXFileReference; lastKnownFileType = sourcecode.swift; path = "UIViewController+Extension.swift"; sourceTree = "<group>"; };
		4734B180232219CF0093C097 /* Data+Extension.swift */ = {isa = PBXFileReference; lastKnownFileType = sourcecode.swift; path = "Data+Extension.swift"; sourceTree = "<group>"; };
		4745C7C625872E2900530778 /* WebViewController.swift */ = {isa = PBXFileReference; lastKnownFileType = sourcecode.swift; path = WebViewController.swift; sourceTree = "<group>"; };
		4745C7C725872E2900530778 /* WebViewController.xib */ = {isa = PBXFileReference; lastKnownFileType = file.xib; path = WebViewController.xib; sourceTree = "<group>"; };
		4752F21E258DD46400795D44 /* CGPoint+Extension.swift */ = {isa = PBXFileReference; lastKnownFileType = sourcecode.swift; path = "CGPoint+Extension.swift"; sourceTree = "<group>"; };
		47A31DC924ADC23200AB6C42 /* UIColor+Extension.swift */ = {isa = PBXFileReference; lastKnownFileType = sourcecode.swift; path = "UIColor+Extension.swift"; sourceTree = "<group>"; };
		47A31DCB24ADC63100AB6C42 /* UIStoryboard+Extension.swift */ = {isa = PBXFileReference; lastKnownFileType = sourcecode.swift; path = "UIStoryboard+Extension.swift"; sourceTree = "<group>"; };
		47C39BA62599D11500417E8A /* CGFloat+Extension.swift */ = {isa = PBXFileReference; lastKnownFileType = sourcecode.swift; path = "CGFloat+Extension.swift"; sourceTree = "<group>"; };
		47CE65BF230E2FD500DBAD77 /* Extension.framework */ = {isa = PBXFileReference; explicitFileType = wrapper.framework; includeInIndex = 0; path = Extension.framework; sourceTree = BUILT_PRODUCTS_DIR; };
		47CE65C2230E2FD500DBAD77 /* Extension.h */ = {isa = PBXFileReference; lastKnownFileType = sourcecode.c.h; path = Extension.h; sourceTree = "<group>"; };
		47CE65C3230E2FD500DBAD77 /* Info.plist */ = {isa = PBXFileReference; lastKnownFileType = text.plist.xml; path = Info.plist; sourceTree = "<group>"; };
		47CE65CA230E2FFE00DBAD77 /* NSObject+Extension.swift */ = {isa = PBXFileReference; fileEncoding = 4; lastKnownFileType = sourcecode.swift; path = "NSObject+Extension.swift"; sourceTree = "<group>"; };
		47CE65CC230E2FFE00DBAD77 /* Int+Extension.swift */ = {isa = PBXFileReference; fileEncoding = 4; lastKnownFileType = sourcecode.swift; path = "Int+Extension.swift"; sourceTree = "<group>"; };
		47CE65CD230E2FFE00DBAD77 /* Dictionary+Extension.swift */ = {isa = PBXFileReference; fileEncoding = 4; lastKnownFileType = sourcecode.swift; path = "Dictionary+Extension.swift"; sourceTree = "<group>"; };
		47CE65CE230E2FFE00DBAD77 /* UINavigationBar+Extension.swift */ = {isa = PBXFileReference; fileEncoding = 4; lastKnownFileType = sourcecode.swift; path = "UINavigationBar+Extension.swift"; sourceTree = "<group>"; };
		47CE65CF230E2FFE00DBAD77 /* UIImage+Extension.swift */ = {isa = PBXFileReference; fileEncoding = 4; lastKnownFileType = sourcecode.swift; path = "UIImage+Extension.swift"; sourceTree = "<group>"; };
		47CE65D2230E2FFE00DBAD77 /* UIButton+Extension.swift */ = {isa = PBXFileReference; fileEncoding = 4; lastKnownFileType = sourcecode.swift; path = "UIButton+Extension.swift"; sourceTree = "<group>"; };
		47CE65D3230E2FFE00DBAD77 /* URL+Extension.swift */ = {isa = PBXFileReference; fileEncoding = 4; lastKnownFileType = sourcecode.swift; path = "URL+Extension.swift"; sourceTree = "<group>"; };
		47CE65D4230E2FFE00DBAD77 /* Date+Extension.swift */ = {isa = PBXFileReference; fileEncoding = 4; lastKnownFileType = sourcecode.swift; path = "Date+Extension.swift"; sourceTree = "<group>"; };
		47CE65D6230E2FFE00DBAD77 /* Array+Extension.swift */ = {isa = PBXFileReference; fileEncoding = 4; lastKnownFileType = sourcecode.swift; path = "Array+Extension.swift"; sourceTree = "<group>"; };
		47CE65D7230E2FFE00DBAD77 /* String+Extension.swift */ = {isa = PBXFileReference; fileEncoding = 4; lastKnownFileType = sourcecode.swift; path = "String+Extension.swift"; sourceTree = "<group>"; };
		47CE65D8230E2FFE00DBAD77 /* UIStackView+Extension.swift */ = {isa = PBXFileReference; fileEncoding = 4; lastKnownFileType = sourcecode.swift; path = "UIStackView+Extension.swift"; sourceTree = "<group>"; };
		47CE65D9230E2FFE00DBAD77 /* UIView+Extension.swift */ = {isa = PBXFileReference; fileEncoding = 4; lastKnownFileType = sourcecode.swift; path = "UIView+Extension.swift"; sourceTree = "<group>"; };
		47CE65DA230E2FFE00DBAD77 /* NSAttributedString+Extension.swift */ = {isa = PBXFileReference; fileEncoding = 4; lastKnownFileType = sourcecode.swift; path = "NSAttributedString+Extension.swift"; sourceTree = "<group>"; };
		47CE65DB230E2FFE00DBAD77 /* UIPageViewController+Extension.swift */ = {isa = PBXFileReference; fileEncoding = 4; lastKnownFileType = sourcecode.swift; path = "UIPageViewController+Extension.swift"; sourceTree = "<group>"; };
		47CE65DC230E2FFE00DBAD77 /* Dispatch+Extension.swift */ = {isa = PBXFileReference; fileEncoding = 4; lastKnownFileType = sourcecode.swift; path = "Dispatch+Extension.swift"; sourceTree = "<group>"; };
		47CE65DD230E2FFE00DBAD77 /* UITextField+Extension.swift */ = {isa = PBXFileReference; fileEncoding = 4; lastKnownFileType = sourcecode.swift; path = "UITextField+Extension.swift"; sourceTree = "<group>"; };
		47CE65F2230E333C00DBAD77 /* Helper.swift */ = {isa = PBXFileReference; lastKnownFileType = sourcecode.swift; path = Helper.swift; sourceTree = "<group>"; };
		47F503EA2413D8E5000EA629 /* UITableView+Extension.swift */ = {isa = PBXFileReference; lastKnownFileType = sourcecode.swift; path = "UITableView+Extension.swift"; sourceTree = "<group>"; };
/* End PBXFileReference section */

/* Begin PBXFrameworksBuildPhase section */
		47CE65BC230E2FD500DBAD77 /* Frameworks */ = {
			isa = PBXFrameworksBuildPhase;
			buildActionMask = 2147483647;
			files = (
			);
			runOnlyForDeploymentPostprocessing = 0;
		};
/* End PBXFrameworksBuildPhase section */

/* Begin PBXGroup section */
		47CE65B5230E2FD500DBAD77 = {
			isa = PBXGroup;
			children = (
				47CE65C1230E2FD500DBAD77 /* Extension */,
				47CE65C0230E2FD500DBAD77 /* Products */,
			);
			sourceTree = "<group>";
		};
		47CE65C0230E2FD500DBAD77 /* Products */ = {
			isa = PBXGroup;
			children = (
				47CE65BF230E2FD500DBAD77 /* Extension.framework */,
			);
			name = Products;
			sourceTree = "<group>";
		};
		47CE65C1230E2FD500DBAD77 /* Extension */ = {
			isa = PBXGroup;
			children = (
				47CE65F7230E33FF00DBAD77 /* Foundation */,
				47CE65F8230E33FF00DBAD77 /* Kit */,
				47CE65C2230E2FD500DBAD77 /* Extension.h */,
				47CE65C3230E2FD500DBAD77 /* Info.plist */,
				47CE65F2230E333C00DBAD77 /* Helper.swift */,
			);
			path = Extension;
			sourceTree = "<group>";
		};
		47CE65F7230E33FF00DBAD77 /* Foundation */ = {
			isa = PBXGroup;
			children = (
				471BC24F24129F1E00111007 /* KeyChainHandler.h */,
				471BC25024129F1E00111007 /* KeyChainHandler.m */,
				47CE65D6230E2FFE00DBAD77 /* Array+Extension.swift */,
				47CE65D4230E2FFE00DBAD77 /* Date+Extension.swift */,
				47CE65CD230E2FFE00DBAD77 /* Dictionary+Extension.swift */,
				47CE65DC230E2FFE00DBAD77 /* Dispatch+Extension.swift */,
				47CE65CC230E2FFE00DBAD77 /* Int+Extension.swift */,
				47CE65DA230E2FFE00DBAD77 /* NSAttributedString+Extension.swift */,
				47CE65CA230E2FFE00DBAD77 /* NSObject+Extension.swift */,
				47CE65D7230E2FFE00DBAD77 /* String+Extension.swift */,
				47CE65D3230E2FFE00DBAD77 /* URL+Extension.swift */,
				4734B180232219CF0093C097 /* Data+Extension.swift */,
				471BC25324129F2F00111007 /* UUID+Device.swift */,
				47C39BA62599D11500417E8A /* CGFloat+Extension.swift */,
			);
			path = Foundation;
			sourceTree = "<group>";
		};
		47CE65F8230E33FF00DBAD77 /* Kit */ = {
			isa = PBXGroup;
			children = (
				47CE65D2230E2FFE00DBAD77 /* UIButton+Extension.swift */,
				47CE65CF230E2FFE00DBAD77 /* UIImage+Extension.swift */,
				47CE65CE230E2FFE00DBAD77 /* UINavigationBar+Extension.swift */,
				47CE65DB230E2FFE00DBAD77 /* UIPageViewController+Extension.swift */,
				47CE65D8230E2FFE00DBAD77 /* UIStackView+Extension.swift */,
				47CE65DD230E2FFE00DBAD77 /* UITextField+Extension.swift */,
				47CE65D9230E2FFE00DBAD77 /* UIView+Extension.swift */,
				47F503EA2413D8E5000EA629 /* UITableView+Extension.swift */,
				4726E9272499B1F000DC4A1B /* UIViewController+Extension.swift */,
				47A31DC924ADC23200AB6C42 /* UIColor+Extension.swift */,
				47A31DCB24ADC63100AB6C42 /* UIStoryboard+Extension.swift */,
				4745C7C625872E2900530778 /* WebViewController.swift */,
				4745C7C725872E2900530778 /* WebViewController.xib */,
				4752F21E258DD46400795D44 /* CGPoint+Extension.swift */,
			);
			path = Kit;
			sourceTree = "<group>";
		};
/* End PBXGroup section */

/* Begin PBXHeadersBuildPhase section */
		47CE65BA230E2FD500DBAD77 /* Headers */ = {
			isa = PBXHeadersBuildPhase;
			buildActionMask = 2147483647;
			files = (
				471BC25124129F1E00111007 /* KeyChainHandler.h in Headers */,
				47CE65C4230E2FD500DBAD77 /* Extension.h in Headers */,
				47CE6602230E342B00DBAD77 /* UIButton+Extension.swift in Headers */,
				47CE6603230E342B00DBAD77 /* UIImage+Extension.swift in Headers */,
				47CE6604230E342B00DBAD77 /* UINavigationBar+Extension.swift in Headers */,
				47CE6605230E342B00DBAD77 /* UIPageViewController+Extension.swift in Headers */,
				47CE6606230E342B00DBAD77 /* UIStackView+Extension.swift in Headers */,
				47CE6608230E342B00DBAD77 /* UITextField+Extension.swift in Headers */,
				47CE6609230E342B00DBAD77 /* UIView+Extension.swift in Headers */,
				47CE65F9230E342500DBAD77 /* Array+Extension.swift in Headers */,
				47CE65FA230E342500DBAD77 /* Date+Extension.swift in Headers */,
				47CE65FB230E342500DBAD77 /* Dictionary+Extension.swift in Headers */,
				47CE65FC230E342500DBAD77 /* Dispatch+Extension.swift in Headers */,
				47CE65FD230E342500DBAD77 /* Int+Extension.swift in Headers */,
				47CE65FE230E342500DBAD77 /* NSAttributedString+Extension.swift in Headers */,
				47CE65FF230E342500DBAD77 /* NSObject+Extension.swift in Headers */,
				47CE6600230E342500DBAD77 /* String+Extension.swift in Headers */,
				4734B18223221A340093C097 /* Data+Extension.swift in Headers */,
				47DA9E772413ED7000C6FEC5 /* UITableView+Extension.swift in Headers */,
				47CE6601230E342500DBAD77 /* URL+Extension.swift in Headers */,
				471BC2572412A11D00111007 /* UUID+Device.swift in Headers */,
				47CE660A230E343300DBAD77 /* Helper.swift in Headers */,
			);
			runOnlyForDeploymentPostprocessing = 0;
		};
/* End PBXHeadersBuildPhase section */

/* Begin PBXNativeTarget section */
		47CE65BE230E2FD500DBAD77 /* Extension */ = {
			isa = PBXNativeTarget;
			buildConfigurationList = 47CE65C7230E2FD500DBAD77 /* Build configuration list for PBXNativeTarget "Extension" */;
			buildPhases = (
				47CE65BA230E2FD500DBAD77 /* Headers */,
				47CE65BB230E2FD500DBAD77 /* Sources */,
				47CE65BC230E2FD500DBAD77 /* Frameworks */,
				47CE65BD230E2FD500DBAD77 /* Resources */,
			);
			buildRules = (
			);
			dependencies = (
			);
			name = Extension;
			productName = Extension;
			productReference = 47CE65BF230E2FD500DBAD77 /* Extension.framework */;
			productType = "com.apple.product-type.framework";
		};
/* End PBXNativeTarget section */

/* Begin PBXProject section */
		47CE65B6230E2FD500DBAD77 /* Project object */ = {
			isa = PBXProject;
			attributes = {
				LastUpgradeCheck = 1020;
				ORGANIZATIONNAME = lihong;
				TargetAttributes = {
					47CE65BE230E2FD500DBAD77 = {
						CreatedOnToolsVersion = 10.2.1;
						LastSwiftMigration = 1130;
					};
				};
			};
			buildConfigurationList = 47CE65B9230E2FD500DBAD77 /* Build configuration list for PBXProject "Extension" */;
			compatibilityVersion = "Xcode 9.3";
			developmentRegion = en;
			hasScannedForEncodings = 0;
			knownRegions = (
				en,
			);
			mainGroup = 47CE65B5230E2FD500DBAD77;
			productRefGroup = 47CE65C0230E2FD500DBAD77 /* Products */;
			projectDirPath = "";
			projectRoot = "";
			targets = (
				47CE65BE230E2FD500DBAD77 /* Extension */,
			);
		};
/* End PBXProject section */

/* Begin PBXResourcesBuildPhase section */
		47CE65BD230E2FD500DBAD77 /* Resources */ = {
			isa = PBXResourcesBuildPhase;
			buildActionMask = 2147483647;
			files = (
				4745C7C925872E2900530778 /* WebViewController.xib in Resources */,
			);
			runOnlyForDeploymentPostprocessing = 0;
		};
/* End PBXResourcesBuildPhase section */

/* Begin PBXSourcesBuildPhase section */
		47CE65BB230E2FD500DBAD77 /* Sources */ = {
			isa = PBXSourcesBuildPhase;
			buildActionMask = 2147483647;
			files = (
				47CE65E8230E2FFE00DBAD77 /* Date+Extension.swift in Sources */,
				47CE65ED230E2FFE00DBAD77 /* UIView+Extension.swift in Sources */,
				4726E9282499B1F000DC4A1B /* UIViewController+Extension.swift in Sources */,
				47F503EB2413D8E5000EA629 /* UITableView+Extension.swift in Sources */,
				471BC25224129F1E00111007 /* KeyChainHandler.m in Sources */,
				47CE65E0230E2FFE00DBAD77 /* Int+Extension.swift in Sources */,
				47CE65DE230E2FFE00DBAD77 /* NSObject+Extension.swift in Sources */,
				47CE65F1230E2FFE00DBAD77 /* UITextField+Extension.swift in Sources */,
				47A31DCC24ADC63100AB6C42 /* UIStoryboard+Extension.swift in Sources */,
				47CE65F3230E333C00DBAD77 /* Helper.swift in Sources */,
				47CE65E7230E2FFE00DBAD77 /* URL+Extension.swift in Sources */,
				4745C7C825872E2900530778 /* WebViewController.swift in Sources */,
				47CE65EE230E2FFE00DBAD77 /* NSAttributedString+Extension.swift in Sources */,
				47CE65E6230E2FFE00DBAD77 /* UIButton+Extension.swift in Sources */,
				4734B181232219CF0093C097 /* Data+Extension.swift in Sources */,
				47A31DCA24ADC23200AB6C42 /* UIColor+Extension.swift in Sources */,
				47CE65EC230E2FFE00DBAD77 /* UIStackView+Extension.swift in Sources */,
				47CE65EB230E2FFE00DBAD77 /* String+Extension.swift in Sources */,
				47CE65EF230E2FFE00DBAD77 /* UIPageViewController+Extension.swift in Sources */,
				47CE65E3230E2FFE00DBAD77 /* UIImage+Extension.swift in Sources */,
				47CE65E2230E2FFE00DBAD77 /* UINavigationBar+Extension.swift in Sources */,
				47CE65F0230E2FFE00DBAD77 /* Dispatch+Extension.swift in Sources */,
				4752F21F258DD46400795D44 /* CGPoint+Extension.swift in Sources */,
				47C39BA72599D11500417E8A /* CGFloat+Extension.swift in Sources */,
				471BC25424129F2F00111007 /* UUID+Device.swift in Sources */,
				47CE65EA230E2FFE00DBAD77 /* Array+Extension.swift in Sources */,
				47CE65E1230E2FFE00DBAD77 /* Dictionary+Extension.swift in Sources */,
			);
			runOnlyForDeploymentPostprocessing = 0;
		};
/* End PBXSourcesBuildPhase section */

/* Begin XCBuildConfiguration section */
		47CE65C5230E2FD500DBAD77 /* Debug */ = {
			isa = XCBuildConfiguration;
			buildSettings = {
				ALWAYS_SEARCH_USER_PATHS = NO;
				CLANG_ANALYZER_NONNULL = YES;
				CLANG_ANALYZER_NUMBER_OBJECT_CONVERSION = YES_AGGRESSIVE;
				CLANG_CXX_LANGUAGE_STANDARD = "gnu++14";
				CLANG_CXX_LIBRARY = "libc++";
				CLANG_ENABLE_MODULES = YES;
				CLANG_ENABLE_OBJC_ARC = YES;
				CLANG_ENABLE_OBJC_WEAK = YES;
				CLANG_WARN_BLOCK_CAPTURE_AUTORELEASING = YES;
				CLANG_WARN_BOOL_CONVERSION = YES;
				CLANG_WARN_COMMA = YES;
				CLANG_WARN_CONSTANT_CONVERSION = YES;
				CLANG_WARN_DEPRECATED_OBJC_IMPLEMENTATIONS = YES;
				CLANG_WARN_DIRECT_OBJC_ISA_USAGE = YES_ERROR;
				CLANG_WARN_DOCUMENTATION_COMMENTS = YES;
				CLANG_WARN_EMPTY_BODY = YES;
				CLANG_WARN_ENUM_CONVERSION = YES;
				CLANG_WARN_INFINITE_RECURSION = YES;
				CLANG_WARN_INT_CONVERSION = YES;
				CLANG_WARN_NON_LITERAL_NULL_CONVERSION = YES;
				CLANG_WARN_OBJC_IMPLICIT_RETAIN_SELF = YES;
				CLANG_WARN_OBJC_LITERAL_CONVERSION = YES;
				CLANG_WARN_OBJC_ROOT_CLASS = YES_ERROR;
				CLANG_WARN_RANGE_LOOP_ANALYSIS = YES;
				CLANG_WARN_STRICT_PROTOTYPES = YES;
				CLANG_WARN_SUSPICIOUS_MOVE = YES;
				CLANG_WARN_UNGUARDED_AVAILABILITY = YES_AGGRESSIVE;
				CLANG_WARN_UNREACHABLE_CODE = YES;
				CLANG_WARN__DUPLICATE_METHOD_MATCH = YES;
				CODE_SIGN_IDENTITY = "iPhone Developer";
				COPY_PHASE_STRIP = NO;
				CURRENT_PROJECT_VERSION = 1;
				DEBUG_INFORMATION_FORMAT = dwarf;
				ENABLE_STRICT_OBJC_MSGSEND = YES;
				ENABLE_TESTABILITY = YES;
				GCC_C_LANGUAGE_STANDARD = gnu11;
				GCC_DYNAMIC_NO_PIC = NO;
				GCC_NO_COMMON_BLOCKS = YES;
				GCC_OPTIMIZATION_LEVEL = 0;
				GCC_PREPROCESSOR_DEFINITIONS = (
					"DEBUG=1",
					"$(inherited)",
				);
				GCC_WARN_64_TO_32_BIT_CONVERSION = YES;
				GCC_WARN_ABOUT_RETURN_TYPE = YES_ERROR;
				GCC_WARN_UNDECLARED_SELECTOR = YES;
				GCC_WARN_UNINITIALIZED_AUTOS = YES_AGGRESSIVE;
				GCC_WARN_UNUSED_FUNCTION = YES;
				GCC_WARN_UNUSED_VARIABLE = YES;
				IPHONEOS_DEPLOYMENT_TARGET = 12.2;
				MTL_ENABLE_DEBUG_INFO = INCLUDE_SOURCE;
				MTL_FAST_MATH = YES;
				ONLY_ACTIVE_ARCH = YES;
				SDKROOT = iphoneos;
				SWIFT_ACTIVE_COMPILATION_CONDITIONS = DEBUG;
				SWIFT_OPTIMIZATION_LEVEL = "-Onone";
				VERSIONING_SYSTEM = "apple-generic";
				VERSION_INFO_PREFIX = "";
			};
			name = Debug;
		};
		47CE65C6230E2FD500DBAD77 /* Release */ = {
			isa = XCBuildConfiguration;
			buildSettings = {
				ALWAYS_SEARCH_USER_PATHS = NO;
				CLANG_ANALYZER_NONNULL = YES;
				CLANG_ANALYZER_NUMBER_OBJECT_CONVERSION = YES_AGGRESSIVE;
				CLANG_CXX_LANGUAGE_STANDARD = "gnu++14";
				CLANG_CXX_LIBRARY = "libc++";
				CLANG_ENABLE_MODULES = YES;
				CLANG_ENABLE_OBJC_ARC = YES;
				CLANG_ENABLE_OBJC_WEAK = YES;
				CLANG_WARN_BLOCK_CAPTURE_AUTORELEASING = YES;
				CLANG_WARN_BOOL_CONVERSION = YES;
				CLANG_WARN_COMMA = YES;
				CLANG_WARN_CONSTANT_CONVERSION = YES;
				CLANG_WARN_DEPRECATED_OBJC_IMPLEMENTATIONS = YES;
				CLANG_WARN_DIRECT_OBJC_ISA_USAGE = YES_ERROR;
				CLANG_WARN_DOCUMENTATION_COMMENTS = YES;
				CLANG_WARN_EMPTY_BODY = YES;
				CLANG_WARN_ENUM_CONVERSION = YES;
				CLANG_WARN_INFINITE_RECURSION = YES;
				CLANG_WARN_INT_CONVERSION = YES;
				CLANG_WARN_NON_LITERAL_NULL_CONVERSION = YES;
				CLANG_WARN_OBJC_IMPLICIT_RETAIN_SELF = YES;
				CLANG_WARN_OBJC_LITERAL_CONVERSION = YES;
				CLANG_WARN_OBJC_ROOT_CLASS = YES_ERROR;
				CLANG_WARN_RANGE_LOOP_ANALYSIS = YES;
				CLANG_WARN_STRICT_PROTOTYPES = YES;
				CLANG_WARN_SUSPICIOUS_MOVE = YES;
				CLANG_WARN_UNGUARDED_AVAILABILITY = YES_AGGRESSIVE;
				CLANG_WARN_UNREACHABLE_CODE = YES;
				CLANG_WARN__DUPLICATE_METHOD_MATCH = YES;
				CODE_SIGN_IDENTITY = "iPhone Developer";
				COPY_PHASE_STRIP = NO;
				CURRENT_PROJECT_VERSION = 1;
				DEBUG_INFORMATION_FORMAT = "dwarf-with-dsym";
				ENABLE_NS_ASSERTIONS = NO;
				ENABLE_STRICT_OBJC_MSGSEND = YES;
				GCC_C_LANGUAGE_STANDARD = gnu11;
				GCC_NO_COMMON_BLOCKS = YES;
				GCC_WARN_64_TO_32_BIT_CONVERSION = YES;
				GCC_WARN_ABOUT_RETURN_TYPE = YES_ERROR;
				GCC_WARN_UNDECLARED_SELECTOR = YES;
				GCC_WARN_UNINITIALIZED_AUTOS = YES_AGGRESSIVE;
				GCC_WARN_UNUSED_FUNCTION = YES;
				GCC_WARN_UNUSED_VARIABLE = YES;
				IPHONEOS_DEPLOYMENT_TARGET = 12.2;
				MTL_ENABLE_DEBUG_INFO = NO;
				MTL_FAST_MATH = YES;
				SDKROOT = iphoneos;
				SWIFT_COMPILATION_MODE = wholemodule;
				SWIFT_OPTIMIZATION_LEVEL = "-O";
				VALIDATE_PRODUCT = YES;
				VERSIONING_SYSTEM = "apple-generic";
				VERSION_INFO_PREFIX = "";
			};
			name = Release;
		};
		47CE65C8230E2FD500DBAD77 /* Debug */ = {
			isa = XCBuildConfiguration;
			buildSettings = {
				CLANG_ENABLE_MODULES = YES;
				CODE_SIGN_IDENTITY = "";
				CODE_SIGN_STYLE = Automatic;
				DEFINES_MODULE = YES;
				DYLIB_COMPATIBILITY_VERSION = 1;
				DYLIB_CURRENT_VERSION = 1;
				DYLIB_INSTALL_NAME_BASE = "@rpath";
				INFOPLIST_FILE = Extension/Info.plist;
				INSTALL_PATH = "$(LOCAL_LIBRARY_DIR)/Frameworks";
				IPHONEOS_DEPLOYMENT_TARGET = 11.0;
				LD_RUNPATH_SEARCH_PATHS = (
					"$(inherited)",
					"@executable_path/Frameworks",
					"@loader_path/Frameworks",
				);
				PRODUCT_BUNDLE_IDENTIFIER = cn.Extension;
				PRODUCT_NAME = "$(TARGET_NAME:c99extidentifier)";
				SKIP_INSTALL = YES;
				SWIFT_OBJC_BRIDGING_HEADER = "";
				SWIFT_OPTIMIZATION_LEVEL = "-Onone";
				SWIFT_VERSION = 5.0;
				TARGETED_DEVICE_FAMILY = "1,2";
			};
			name = Debug;
		};
		47CE65C9230E2FD500DBAD77 /* Release */ = {
			isa = XCBuildConfiguration;
			buildSettings = {
				CLANG_ENABLE_MODULES = YES;
				CODE_SIGN_IDENTITY = "";
				CODE_SIGN_STYLE = Automatic;
				DEFINES_MODULE = YES;
				DYLIB_COMPATIBILITY_VERSION = 1;
				DYLIB_CURRENT_VERSION = 1;
				DYLIB_INSTALL_NAME_BASE = "@rpath";
				INFOPLIST_FILE = Extension/Info.plist;
				INSTALL_PATH = "$(LOCAL_LIBRARY_DIR)/Frameworks";
				IPHONEOS_DEPLOYMENT_TARGET = 11.0;
				LD_RUNPATH_SEARCH_PATHS = (
					"$(inherited)",
					"@executable_path/Frameworks",
					"@loader_path/Frameworks",
				);
				PRODUCT_BUNDLE_IDENTIFIER = cn.Extension;
				PRODUCT_NAME = "$(TARGET_NAME:c99extidentifier)";
				SKIP_INSTALL = YES;
				SWIFT_OBJC_BRIDGING_HEADER = "";
				SWIFT_VERSION = 5.0;
				TARGETED_DEVICE_FAMILY = "1,2";
			};
			name = Release;
		};
/* End XCBuildConfiguration section */

/* Begin XCConfigurationList section */
		47CE65B9230E2FD500DBAD77 /* Build configuration list for PBXProject "Extension" */ = {
			isa = XCConfigurationList;
			buildConfigurations = (
				47CE65C5230E2FD500DBAD77 /* Debug */,
				47CE65C6230E2FD500DBAD77 /* Release */,
			);
			defaultConfigurationIsVisible = 0;
			defaultConfigurationName = Release;
		};
		47CE65C7230E2FD500DBAD77 /* Build configuration list for PBXNativeTarget "Extension" */ = {
			isa = XCConfigurationList;
			buildConfigurations = (
				47CE65C8230E2FD500DBAD77 /* Debug */,
				47CE65C9230E2FD500DBAD77 /* Release */,
			);
			defaultConfigurationIsVisible = 0;
			defaultConfigurationName = Release;
		};
/* End XCConfigurationList section */
	};
	rootObject = 47CE65B6230E2FD500DBAD77 /* Project object */;
}
